// !$*UTF8*$!
{
	archiveVersion = 1;
	classes = {
	};
	objectVersion = 46;
	objects = {

/* Begin PBXBuildFile section */
		286129591C21EAB300228400 /* AppDelegate.swift in Sources */ = {isa = PBXBuildFile; fileRef = 286129581C21EAB300228400 /* AppDelegate.swift */; };
		2861295B1C21EAB300228400 /* ViewController.swift in Sources */ = {isa = PBXBuildFile; fileRef = 2861295A1C21EAB300228400 /* ViewController.swift */; };
		2861295E1C21EAB300228400 /* Main.storyboard in Resources */ = {isa = PBXBuildFile; fileRef = 2861295C1C21EAB300228400 /* Main.storyboard */; };
		286129601C21EAB300228400 /* Images.xcassets in Resources */ = {isa = PBXBuildFile; fileRef = 2861295F1C21EAB300228400 /* Images.xcassets */; };
		286129631C21EAB300228400 /* LaunchScreen.xib in Resources */ = {isa = PBXBuildFile; fileRef = 286129611C21EAB300228400 /* LaunchScreen.xib */; };
		2861296F1C21EAB300228400 /* IsbnTests.swift in Sources */ = {isa = PBXBuildFile; fileRef = 2861296E1C21EAB300228400 /* IsbnTests.swift */; };
/* End PBXBuildFile section */

/* Begin PBXContainerItemProxy section */
		286129691C21EAB300228400 /* PBXContainerItemProxy */ = {
			isa = PBXContainerItemProxy;
			containerPortal = 2861294B1C21EAB300228400 /* Project object */;
			proxyType = 1;
			remoteGlobalIDString = 286129521C21EAB300228400;
			remoteInfo = Isbn;
		};
/* End PBXContainerItemProxy section */

/* Begin PBXFileReference section */
		286129531C21EAB300228400 /* Isbn.app */ = {isa = PBXFileReference; explicitFileType = wrapper.application; includeInIndex = 0; path = Isbn.app; sourceTree = BUILT_PRODUCTS_DIR; };
		286129571C21EAB300228400 /* Info.plist */ = {isa = PBXFileReference; lastKnownFileType = text.plist.xml; path = Info.plist; sourceTree = "<group>"; };
		286129581C21EAB300228400 /* AppDelegate.swift */ = {isa = PBXFileReference; lastKnownFileType = sourcecode.swift; path = AppDelegate.swift; sourceTree = "<group>"; };
		2861295A1C21EAB300228400 /* ViewController.swift */ = {isa = PBXFileReference; lastKnownFileType = sourcecode.swift; path = ViewController.swift; sourceTree = "<group>"; };
		2861295D1C21EAB300228400 /* Base */ = {isa = PBXFileReference; lastKnownFileType = file.storyboard; name = Base; path = Base.lproj/Main.storyboard; sourceTree = "<group>"; };
		2861295F1C21EAB300228400 /* Images.xcassets */ = {isa = PBXFileReference; lastKnownFileType = folder.assetcatalog; path = Images.xcassets; sourceTree = "<group>"; };
		286129621C21EAB300228400 /* Base */ = {isa = PBXFileReference; lastKnownFileType = file.xib; name = Base; path = Base.lproj/LaunchScreen.xib; sourceTree = "<group>"; };
		286129681C21EAB300228400 /* IsbnTests.xctest */ = {isa = PBXFileReference; explicitFileType = wrapper.cfbundle; includeInIndex = 0; path = IsbnTests.xctest; sourceTree = BUILT_PRODUCTS_DIR; };
		2861296D1C21EAB300228400 /* Info.plist */ = {isa = PBXFileReference; lastKnownFileType = text.plist.xml; path = Info.plist; sourceTree = "<group>"; };
		2861296E1C21EAB300228400 /* IsbnTests.swift */ = {isa = PBXFileReference; lastKnownFileType = sourcecode.swift; path = IsbnTests.swift; sourceTree = "<group>"; };
/* End PBXFileReference section */

/* Begin PBXFrameworksBuildPhase section */
		286129501C21EAB300228400 /* Frameworks */ = {
			isa = PBXFrameworksBuildPhase;
			buildActionMask = 2147483647;
			files = (
			);
			runOnlyForDeploymentPostprocessing = 0;
		};
		286129651C21EAB300228400 /* Frameworks */ = {
			isa = PBXFrameworksBuildPhase;
			buildActionMask = 2147483647;
			files = (
			);
			runOnlyForDeploymentPostprocessing = 0;
		};
/* End PBXFrameworksBuildPhase section */

/* Begin PBXGroup section */
		2861294A1C21EAB300228400 = {
			isa = PBXGroup;
			children = (
				286129551C21EAB300228400 /* Isbn */,
				2861296B1C21EAB300228400 /* IsbnTests */,
				286129541C21EAB300228400 /* Products */,
			);
			sourceTree = "<group>";
		};
		286129541C21EAB300228400 /* Products */ = {
			isa = PBXGroup;
			children = (
				286129531C21EAB300228400 /* Isbn.app */,
				286129681C21EAB300228400 /* IsbnTests.xctest */,
			);
			name = Products;
			sourceTree = "<group>";
		};
		286129551C21EAB300228400 /* Isbn */ = {
			isa = PBXGroup;
			children = (
				286129581C21EAB300228400 /* AppDelegate.swift */,
				2861295A1C21EAB300228400 /* ViewController.swift */,
				2861295C1C21EAB300228400 /* Main.storyboard */,
				2861295F1C21EAB300228400 /* Images.xcassets */,
				286129611C21EAB300228400 /* LaunchScreen.xib */,
				286129561C21EAB300228400 /* Supporting Files */,
			);
			path = Isbn;
			sourceTree = "<group>";
		};
		286129561C21EAB300228400 /* Supporting Files */ = {
			isa = PBXGroup;
			children = (
				286129571C21EAB300228400 /* Info.plist */,
			);
			name = "Supporting Files";
			sourceTree = "<group>";
		};
		2861296B1C21EAB300228400 /* IsbnTests */ = {
			isa = PBXGroup;
			children = (
				2861296E1C21EAB300228400 /* IsbnTests.swift */,
				2861296C1C21EAB300228400 /* Supporting Files */,
			);
			path = IsbnTests;
			sourceTree = "<group>";
		};
		2861296C1C21EAB300228400 /* Supporting Files */ = {
			isa = PBXGroup;
			children = (
				2861296D1C21EAB300228400 /* Info.plist */,
			);
			name = "Supporting Files";
			sourceTree = "<group>";
		};
/* End PBXGroup section */

/* Begin PBXNativeTarget section */
		286129521C21EAB300228400 /* Isbn */ = {
			isa = PBXNativeTarget;
			buildConfigurationList = 286129721C21EAB300228400 /* Build configuration list for PBXNativeTarget "Isbn" */;
			buildPhases = (
				2861294F1C21EAB300228400 /* Sources */,
				286129501C21EAB300228400 /* Frameworks */,
				286129511C21EAB300228400 /* Resources */,
			);
			buildRules = (
			);
			dependencies = (
			);
			name = Isbn;
			productName = Isbn;
			productReference = 286129531C21EAB300228400 /* Isbn.app */;
			productType = "com.apple.product-type.application";
		};
		286129671C21EAB300228400 /* IsbnTests */ = {
			isa = PBXNativeTarget;
			buildConfigurationList = 286129751C21EAB300228400 /* Build configuration list for PBXNativeTarget "IsbnTests" */;
			buildPhases = (
				286129641C21EAB300228400 /* Sources */,
				286129651C21EAB300228400 /* Frameworks */,
				286129661C21EAB300228400 /* Resources */,
			);
			buildRules = (
			);
			dependencies = (
				2861296A1C21EAB300228400 /* PBXTargetDependency */,
			);
			name = IsbnTests;
			productName = IsbnTests;
			productReference = 286129681C21EAB300228400 /* IsbnTests.xctest */;
			productType = "com.apple.product-type.bundle.unit-test";
		};
/* End PBXNativeTarget section */

/* Begin PBXProject section */
		2861294B1C21EAB300228400 /* Project object */ = {
			isa = PBXProject;
			attributes = {
				LastUpgradeCheck = 0640;
				ORGANIZATIONNAME = olver;
				TargetAttributes = {
					286129521C21EAB300228400 = {
						CreatedOnToolsVersion = 6.4;
					};
					286129671C21EAB300228400 = {
						CreatedOnToolsVersion = 6.4;
						TestTargetID = 286129521C21EAB300228400;
					};
				};
			};
			buildConfigurationList = 2861294E1C21EAB300228400 /* Build configuration list for PBXProject "Isbn" */;
			compatibilityVersion = "Xcode 3.2";
			developmentRegion = English;
			hasScannedForEncodings = 0;
			knownRegions = (
				en,
				Base,
			);
			mainGroup = 2861294A1C21EAB300228400;
			productRefGroup = 286129541C21EAB300228400 /* Products */;
			projectDirPath = "";
			projectRoot = "";
			targets = (
				286129521C21EAB300228400 /* Isbn */,
				286129671C21EAB300228400 /* IsbnTests */,
			);
		};
/* End PBXProject section */

/* Begin PBXResourcesBuildPhase section */
		286129511C21EAB300228400 /* Resources */ = {
			isa = PBXResourcesBuildPhase;
			buildActionMask = 2147483647;
			files = (
				2861295E1C21EAB300228400 /* Main.storyboard in Resources */,
				286129631C21EAB300228400 /* LaunchScreen.xib in Resources */,
				286129601C21EAB300228400 /* Images.xcassets in Resources */,
			);
			runOnlyForDeploymentPostprocessing = 0;
		};
		286129661C21EAB300228400 /* Resources */ = {
			isa = PBXResourcesBuildPhase;
			buildActionMask = 2147483647;
			files = (
			);
			runOnlyForDeploymentPostprocessing = 0;
		};
/* End PBXResourcesBuildPhase section */

/* Begin PBXSourcesBuildPhase section */
		2861294F1C21EAB300228400 /* Sources */ = {
			isa = PBXSourcesBuildPhase;
			buildActionMask = 2147483647;
			files = (
				2861295B1C21EAB300228400 /* ViewController.swift in Sources */,
				286129591C21EAB300228400 /* AppDelegate.swift in Sources */,
			);
			runOnlyForDeploymentPostprocessing = 0;
		};
		286129641C21EAB300228400 /* Sources */ = {
			isa = PBXSourcesBuildPhase;
			buildActionMask = 2147483647;
			files = (
				2861296F1C21EAB300228400 /* IsbnTests.swift in Sources */,
			);
			runOnlyForDeploymentPostprocessing = 0;
		};
/* End PBXSourcesBuildPhase section */

/* Begin PBXTargetDependency section */
		2861296A1C21EAB300228400 /* PBXTargetDependency */ = {
			isa = PBXTargetDependency;
			target = 286129521C21EAB300228400 /* Isbn */;
			targetProxy = 286129691C21EAB300228400 /* PBXContainerItemProxy */;
		};
/* End PBXTargetDependency section */

/* Begin PBXVariantGroup section */
		2861295C1C21EAB300228400 /* Main.storyboard */ = {
			isa = PBXVariantGroup;
			children = (
				2861295D1C21EAB300228400 /* Base */,
			);
			name = Main.storyboard;
			sourceTree = "<group>";
		};
		286129611C21EAB300228400 /* LaunchScreen.xib */ = {
			isa = PBXVariantGroup;
			children = (
				286129621C21EAB300228400 /* Base */,
			);
			name = LaunchScreen.xib;
			sourceTree = "<group>";
		};
/* End PBXVariantGroup section */

/* Begin XCBuildConfiguration section */
		286129701C21EAB300228400 /* Debug */ = {
			isa = XCBuildConfiguration;
			buildSettings = {
				ALWAYS_SEARCH_USER_PATHS = NO;
				CLANG_CXX_LANGUAGE_STANDARD = "gnu++0x";
				CLANG_CXX_LIBRARY = "libc++";
				CLANG_ENABLE_MODULES = YES;
				CLANG_ENABLE_OBJC_ARC = YES;
				CLANG_WARN_BOOL_CONVERSION = YES;
				CLANG_WARN_CONSTANT_CONVERSION = YES;
				CLANG_WARN_DIRECT_OBJC_ISA_USAGE = YES_ERROR;
				CLANG_WARN_EMPTY_BODY = YES;
				CLANG_WARN_ENUM_CONVERSION = YES;
				CLANG_WARN_INT_CONVERSION = YES;
				CLANG_WARN_OBJC_ROOT_CLASS = YES_ERROR;
				CLANG_WARN_UNREACHABLE_CODE = YES;
				CLANG_WARN__DUPLICATE_METHOD_MATCH = YES;
				"CODE_SIGN_IDENTITY[sdk=iphoneos*]" = "iPhone Developer";
				COPY_PHASE_STRIP = NO;
				DEBUG_INFORMATION_FORMAT = "dwarf-with-dsym";
				ENABLE_STRICT_OBJC_MSGSEND = YES;
				GCC_C_LANGUAGE_STANDARD = gnu99;
				GCC_DYNAMIC_NO_PIC = NO;
				GCC_NO_COMMON_BLOCKS = YES;
				GCC_OPTIMIZATION_LEVEL = 0;
				GCC_PREPROCESSOR_DEFINITIONS = (
					"DEBUG=1",
					"$(inherited)",
				);
				GCC_SYMBOLS_PRIVATE_EXTERN = NO;
				GCC_WARN_64_TO_32_BIT_CONVERSION = YES;
				GCC_WARN_ABOUT_RETURN_TYPE = YES_ERROR;
				GCC_WARN_UNDECLARED_SELECTOR = YES;
				GCC_WARN_UNINITIALIZED_AUTOS = YES_AGGRESSIVE;
				GCC_WARN_UNUSED_FUNCTION = YES;
				GCC_WARN_UNUSED_VARIABLE = YES;
				IPHONEOS_DEPLOYMENT_TARGET = 8.4;
				MTL_ENABLE_DEBUG_INFO = YES;
				ONLY_ACTIVE_ARCH = YES;
				SDKROOT = iphoneos;
				SWIFT_OPTIMIZATION_LEVEL = "-Onone";
			};
			name = Debug;
		};
		286129711C21EAB300228400 /* Release */ = {
			isa = XCBuildConfiguration;
			buildSettings = {
				ALWAYS_SEARCH_USER_PATHS = NO;
				CLANG_CXX_LANGUAGE_STANDARD = "gnu++0x";
				CLANG_CXX_LIBRARY = "libc++";
				CLANG_ENABLE_MODULES = YES;
				CLANG_ENABLE_OBJC_ARC = YES;
				CLANG_WARN_BOOL_CONVERSION = YES;
				CLANG_WARN_CONSTANT_CONVERSION = YES;
				CLANG_WARN_DIRECT_OBJC_ISA_USAGE = YES_ERROR;
				CLANG_WARN_EMPTY_BODY = YES;
				CLANG_WARN_ENUM_CONVERSION = YES;
				CLANG_WARN_INT_CONVERSION = YES;
				CLANG_WARN_OBJC_ROOT_CLASS = YES_ERROR;
				CLANG_WARN_UNREACHABLE_CODE = YES;
				CLANG_WARN__DUPLICATE_METHOD_MATCH = YES;
				"CODE_SIGN_IDENTITY[sdk=iphoneos*]" = "iPhone Developer";
				COPY_PHASE_STRIP = NO;
				DEBUG_INFORMATION_FORMAT = "dwarf-with-dsym";
				ENABLE_NS_ASSERTIONS = NO;
				ENABLE_STRICT_OBJC_MSGSEND = YES;
				GCC_C_LANGUAGE_STANDARD = gnu99;
				GCC_NO_COMMON_BLOCKS = YES;
				GCC_WARN_64_TO_32_BIT_CONVERSION = YES;
				GCC_WARN_ABOUT_RETURN_TYPE = YES_ERROR;
				GCC_WARN_UNDECLARED_SELECTOR = YES;
				GCC_WARN_UNINITIALIZED_AUTOS = YES_AGGRESSIVE;
				GCC_WARN_UNUSED_FUNCTION = YES;
				GCC_WARN_UNUSED_VARIABLE = YES;
				IPHONEOS_DEPLOYMENT_TARGET = 8.4;
				MTL_ENABLE_DEBUG_INFO = NO;
				SDKROOT = iphoneos;
				VALIDATE_PRODUCT = YES;
			};
			name = Release;
		};
		286129731C21EAB300228400 /* Debug */ = {
			isa = XCBuildConfiguration;
			buildSettings = {
				ASSETCATALOG_COMPILER_APPICON_NAME = AppIcon;
				INFOPLIST_FILE = Isbn/Info.plist;
				LD_RUNPATH_SEARCH_PATHS = "$(inherited) @executable_path/Frameworks";
				PRODUCT_NAME = "$(TARGET_NAME)";
			};
			name = Debug;
		};
		286129741C21EAB300228400 /* Release */ = {
			isa = XCBuildConfiguration;
			buildSettings = {
				ASSETCATALOG_COMPILER_APPICON_NAME = AppIcon;
				INFOPLIST_FILE = Isbn/Info.plist;
				LD_RUNPATH_SEARCH_PATHS = "$(inherited) @executable_path/Frameworks";
				PRODUCT_NAME = "$(TARGET_NAME)";
			};
			name = Release;
		};
		286129761C21EAB300228400 /* Debug */ = {
			isa = XCBuildConfiguration;
			buildSettings = {
				BUNDLE_LOADER = "$(TEST_HOST)";
				FRAMEWORK_SEARCH_PATHS = (
					"$(SDKROOT)/Developer/Library/Frameworks",
					"$(inherited)",
				);
				GCC_PREPROCESSOR_DEFINITIONS = (
					"DEBUG=1",
					"$(inherited)",
				);
				INFOPLIST_FILE = IsbnTests/Info.plist;
				LD_RUNPATH_SEARCH_PATHS = "$(inherited) @executable_path/Frameworks @loader_path/Frameworks";
				PRODUCT_NAME = "$(TARGET_NAME)";
				TEST_HOST = "$(BUILT_PRODUCTS_DIR)/Isbn.app/Isbn";
			};
			name = Debug;
		};
		286129771C21EAB300228400 /* Release */ = {
			isa = XCBuildConfiguration;
			buildSettings = {
				BUNDLE_LOADER = "$(TEST_HOST)";
				FRAMEWORK_SEARCH_PATHS = (
					"$(SDKROOT)/Developer/Library/Frameworks",
					"$(inherited)",
				);
				INFOPLIST_FILE = IsbnTests/Info.plist;
				LD_RUNPATH_SEARCH_PATHS = "$(inherited) @executable_path/Frameworks @loader_path/Frameworks";
				PRODUCT_NAME = "$(TARGET_NAME)";
				TEST_HOST = "$(BUILT_PRODUCTS_DIR)/Isbn.app/Isbn";
			};
			name = Release;
		};
/* End XCBuildConfiguration section */

/* Begin XCConfigurationList section */
		2861294E1C21EAB300228400 /* Build configuration list for PBXProject "Isbn" */ = {
			isa = XCConfigurationList;
			buildConfigurations = (
				286129701C21EAB300228400 /* Debug */,
				286129711C21EAB300228400 /* Release */,
			);
			defaultConfigurationIsVisible = 0;
			defaultConfigurationName = Release;
		};
		286129721C21EAB300228400 /* Build configuration list for PBXNativeTarget "Isbn" */ = {
			isa = XCConfigurationList;
			buildConfigurations = (
				286129731C21EAB300228400 /* Debug */,
				286129741C21EAB300228400 /* Release */,
			);
			defaultConfigurationIsVisible = 0;
		};
		286129751C21EAB300228400 /* Build configuration list for PBXNativeTarget "IsbnTests" */ = {
			isa = XCConfigurationList;
			buildConfigurations = (
				286129761C21EAB300228400 /* Debug */,
				286129771C21EAB300228400 /* Release */,
			);
			defaultConfigurationIsVisible = 0;
		};
/* End XCConfigurationList section */
	};
	rootObject = 2861294B1C21EAB300228400 /* Project object */;
}
